
Microsoft Visual Studio Solution File, Format Version 12.00
# Visual Studio Version 17
VisualStudioVersion = 17.5.33530.505
MinimumVisualStudioVersion = 10.0.40219.1
Project("{FAE04EC0-301F-11D3-BF4B-00C04F79EFBC}") = "LiftTracker.Server", "LiftTracker\Server\LiftTracker.Server.csproj", "{ADCC6478-3D61-4726-9E2A-A41429B68D99}"
EndProject
Project("{FAE04EC0-301F-11D3-BF4B-00C04F79EFBC}") = "LiftTracker.Client", "LiftTracker\Client\LiftTracker.Client.csproj", "{53AA31FA-0E3B-4335-8EC4-8573BBA37C35}"
EndProject
Project("{FAE04EC0-301F-11D3-BF4B-00C04F79EFBC}") = "LiftTracker.Shared", "LiftTracker\Shared\LiftTracker.Shared.csproj", "{8E1DB1F2-2EFA-486E-B39B-45370B87DF7C}"
EndProject
Global
	GlobalSection(SolutionConfigurationPlatforms) = preSolution
		Debug|Any CPU = Debug|Any CPU
		Release|Any CPU = Release|Any CPU
	EndGlobalSection
	GlobalSection(ProjectConfigurationPlatforms) = postSolution
		{ADCC6478-3D61-4726-9E2A-A41429B68D99}.Debug|Any CPU.ActiveCfg = Debug|Any CPU
		{ADCC6478-3D61-4726-9E2A-A41429B68D99}.Debug|Any CPU.Build.0 = Debug|Any CPU
		{ADCC6478-3D61-4726-9E2A-A41429B68D99}.Release|Any CPU.ActiveCfg = Release|Any CPU
		{ADCC6478-3D61-4726-9E2A-A41429B68D99}.Release|Any CPU.Build.0 = Release|Any CPU
		{53AA31FA-0E3B-4335-8EC4-8573BBA37C35}.Debug|Any CPU.ActiveCfg = Debug|Any CPU
		{53AA31FA-0E3B-4335-8EC4-8573BBA37C35}.Debug|Any CPU.Build.0 = Debug|Any CPU
		{53AA31FA-0E3B-4335-8EC4-8573BBA37C35}.Release|Any CPU.ActiveCfg = Release|Any CPU
		{53AA31FA-0E3B-4335-8EC4-8573BBA37C35}.Release|Any CPU.Build.0 = Release|Any CPU
		{8E1DB1F2-2EFA-486E-B39B-45370B87DF7C}.Debug|Any CPU.ActiveCfg = Debug|Any CPU
		{8E1DB1F2-2EFA-486E-B39B-45370B87DF7C}.Debug|Any CPU.Build.0 = Debug|Any CPU
		{8E1DB1F2-2EFA-486E-B39B-45370B87DF7C}.Release|Any CPU.ActiveCfg = Release|Any CPU
		{8E1DB1F2-2EFA-486E-B39B-45370B87DF7C}.Release|Any CPU.Build.0 = Release|Any CPU
	EndGlobalSection
	GlobalSection(SolutionProperties) = preSolution
		HideSolutionNode = FALSE
	EndGlobalSection
	GlobalSection(ExtensibilityGlobals) = postSolution
		SolutionGuid = {0D26E866-1875-4310-A4AC-09ADE052828B}
	EndGlobalSection
EndGlobal
